
Microsoft Visual Studio Solution File, Format Version 12.00
# Visual Studio Version 16
VisualStudioVersion = 16.0.30320.27
MinimumVisualStudioVersion = 10.0.40219.1
Project("{FAE04EC0-301F-11D3-BF4B-00C04F79EFBC}") = "Ontos.Storage.Tests", "Ontos.Storage.Tests\Ontos.Storage.Tests.csproj", "{5CC87769-BA33-4505-8857-8B38EFE7954E}"
EndProject
Project("{FAE04EC0-301F-11D3-BF4B-00C04F79EFBC}") = "Ontos.Storage", "Ontos.Storage\Ontos.Storage.csproj", "{77873982-0ED1-494E-A337-CDC5145533B1}"
EndProject
Project("{FAE04EC0-301F-11D3-BF4B-00C04F79EFBC}") = "Ontos.Web", "Ontos.Web\Ontos.Web.csproj", "{E2C288BB-A42C-46EB-850A-40F389551D94}"
EndProject
Project("{FAE04EC0-301F-11D3-BF4B-00C04F79EFBC}") = "Ontos.Web.Contracts", "Ontos.Web.Contracts\Ontos.Web.Contracts.csproj", "{BE08A5A0-7B5B-44BF-972F-BDA2C5990CD9}"
EndProject
Project("{FAE04EC0-301F-11D3-BF4B-00C04F79EFBC}") = "Ontos.Contracts", "Ontos.Contracts\Ontos.Contracts.csproj", "{D27C7809-30E9-4012-83B0-193D7EE08587}"
EndProject
Global
	GlobalSection(SolutionConfigurationPlatforms) = preSolution
		Debug|Any CPU = Debug|Any CPU
		Release|Any CPU = Release|Any CPU
	EndGlobalSection
	GlobalSection(ProjectConfigurationPlatforms) = postSolution
		{5CC87769-BA33-4505-8857-8B38EFE7954E}.Debug|Any CPU.ActiveCfg = Debug|Any CPU
		{5CC87769-BA33-4505-8857-8B38EFE7954E}.Debug|Any CPU.Build.0 = Debug|Any CPU
		{5CC87769-BA33-4505-8857-8B38EFE7954E}.Release|Any CPU.ActiveCfg = Release|Any CPU
		{5CC87769-BA33-4505-8857-8B38EFE7954E}.Release|Any CPU.Build.0 = Release|Any CPU
		{77873982-0ED1-494E-A337-CDC5145533B1}.Debug|Any CPU.ActiveCfg = Debug|Any CPU
		{77873982-0ED1-494E-A337-CDC5145533B1}.Debug|Any CPU.Build.0 = Debug|Any CPU
		{77873982-0ED1-494E-A337-CDC5145533B1}.Release|Any CPU.ActiveCfg = Release|Any CPU
		{77873982-0ED1-494E-A337-CDC5145533B1}.Release|Any CPU.Build.0 = Release|Any CPU
		{E2C288BB-A42C-46EB-850A-40F389551D94}.Debug|Any CPU.ActiveCfg = Debug|Any CPU
		{E2C288BB-A42C-46EB-850A-40F389551D94}.Debug|Any CPU.Build.0 = Debug|Any CPU
		{E2C288BB-A42C-46EB-850A-40F389551D94}.Release|Any CPU.ActiveCfg = Release|Any CPU
		{E2C288BB-A42C-46EB-850A-40F389551D94}.Release|Any CPU.Build.0 = Release|Any CPU
		{BE08A5A0-7B5B-44BF-972F-BDA2C5990CD9}.Debug|Any CPU.ActiveCfg = Debug|Any CPU
		{BE08A5A0-7B5B-44BF-972F-BDA2C5990CD9}.Debug|Any CPU.Build.0 = Debug|Any CPU
		{BE08A5A0-7B5B-44BF-972F-BDA2C5990CD9}.Release|Any CPU.ActiveCfg = Release|Any CPU
		{BE08A5A0-7B5B-44BF-972F-BDA2C5990CD9}.Release|Any CPU.Build.0 = Release|Any CPU
		{D27C7809-30E9-4012-83B0-193D7EE08587}.Debug|Any CPU.ActiveCfg = Debug|Any CPU
		{D27C7809-30E9-4012-83B0-193D7EE08587}.Debug|Any CPU.Build.0 = Debug|Any CPU
		{D27C7809-30E9-4012-83B0-193D7EE08587}.Release|Any CPU.ActiveCfg = Release|Any CPU
		{D27C7809-30E9-4012-83B0-193D7EE08587}.Release|Any CPU.Build.0 = Release|Any CPU
	EndGlobalSection
	GlobalSection(SolutionProperties) = preSolution
		HideSolutionNode = FALSE
	EndGlobalSection
	GlobalSection(ExtensibilityGlobals) = postSolution
		SolutionGuid = {8969F1AF-71D5-4DB7-805E-95BC3983792E}
	EndGlobalSection
EndGlobal
